
Microsoft Visual Studio Solution File, Format Version 12.00
# Visual Studio Version 17
VisualStudioVersion = 17.14.36623.8 d17.14
MinimumVisualStudioVersion = 10.0.40219.1
Project("{FAE04EC0-301F-11D3-BF4B-00C04F79EFBC}") = "SWD_SoftwareArchitecture", "SWD_SoftwareArchitecture\SWD_SoftwareArchitecture.csproj", "{CE5C092C-C6DB-4653-8A2F-92817DBF6772}"
EndProject
Global
	GlobalSection(SolutionConfigurationPlatforms) = preSolution
		Debug|Any CPU = Debug|Any CPU
		Release|Any CPU = Release|Any CPU
	EndGlobalSection
	GlobalSection(ProjectConfigurationPlatforms) = postSolution
		{CE5C092C-C6DB-4653-8A2F-92817DBF6772}.Debug|Any CPU.ActiveCfg = Debug|Any CPU
		{CE5C092C-C6DB-4653-8A2F-92817DBF6772}.Debug|Any CPU.Build.0 = Debug|Any CPU
		{CE5C092C-C6DB-4653-8A2F-92817DBF6772}.Release|Any CPU.ActiveCfg = Release|Any CPU
		{CE5C092C-C6DB-4653-8A2F-92817DBF6772}.Release|Any CPU.Build.0 = Release|Any CPU
	EndGlobalSection
	GlobalSection(SolutionProperties) = preSolution
		HideSolutionNode = FALSE
	EndGlobalSection
	GlobalSection(ExtensibilityGlobals) = postSolution
		SolutionGuid = {24880104-253A-4ECE-8690-1D133C6B27D5}
	EndGlobalSection
EndGlobal
